// !$*UTF8*$!
{
	archiveVersion = 1;
	classes = {
	};
	objectVersion = 50;
	objects = {

/* Begin PBXBuildFile section */
		AD524627208896B600FA030B /* AppDelegate.swift in Sources */ = {isa = PBXBuildFile; fileRef = AD524626208896B600FA030B /* AppDelegate.swift */; };
		AD524629208896B600FA030B /* RootController.swift in Sources */ = {isa = PBXBuildFile; fileRef = AD524628208896B600FA030B /* RootController.swift */; };
		AD52462C208896B600FA030B /* Main.storyboard in Resources */ = {isa = PBXBuildFile; fileRef = AD52462A208896B600FA030B /* Main.storyboard */; };
		AD52462E208896B800FA030B /* Assets.xcassets in Resources */ = {isa = PBXBuildFile; fileRef = AD52462D208896B800FA030B /* Assets.xcassets */; };
		AD524631208896B800FA030B /* LaunchScreen.storyboard in Resources */ = {isa = PBXBuildFile; fileRef = AD52462F208896B800FA030B /* LaunchScreen.storyboard */; };
		AD52463D20889BFF00FA030B /* ScanViewController.swift in Sources */ = {isa = PBXBuildFile; fileRef = AD52463C20889BFF00FA030B /* ScanViewController.swift */; };
		AD52463F20889E5400FA030B /* HRQRCodeScanTool.swift in Sources */ = {isa = PBXBuildFile; fileRef = AD52463E20889E5400FA030B /* HRQRCodeScanTool.swift */; };
		AD7271002089C08400661E6B /* UIImage+QRCode.swift in Sources */ = {isa = PBXBuildFile; fileRef = AD7270FF2089C08400661E6B /* UIImage+QRCode.swift */; };
		AD7271022089C4F200661E6B /* String+QRCode.swift in Sources */ = {isa = PBXBuildFile; fileRef = AD7271012089C4F200661E6B /* String+QRCode.swift */; };
/* End PBXBuildFile section */

/* Begin PBXFileReference section */
		AD524623208896B600FA030B /* HRScanToolDemo.app */ = {isa = PBXFileReference; explicitFileType = wrapper.application; includeInIndex = 0; path = HRScanToolDemo.app; sourceTree = BUILT_PRODUCTS_DIR; };
		AD524626208896B600FA030B /* AppDelegate.swift */ = {isa = PBXFileReference; lastKnownFileType = sourcecode.swift; path = AppDelegate.swift; sourceTree = "<group>"; };
		AD524628208896B600FA030B /* RootController.swift */ = {isa = PBXFileReference; lastKnownFileType = sourcecode.swift; path = RootController.swift; sourceTree = "<group>"; };
		AD52462B208896B600FA030B /* Base */ = {isa = PBXFileReference; lastKnownFileType = file.storyboard; name = Base; path = Base.lproj/Main.storyboard; sourceTree = "<group>"; };
		AD52462D208896B800FA030B /* Assets.xcassets */ = {isa = PBXFileReference; lastKnownFileType = folder.assetcatalog; path = Assets.xcassets; sourceTree = "<group>"; };
		AD524630208896B800FA030B /* Base */ = {isa = PBXFileReference; lastKnownFileType = file.storyboard; name = Base; path = Base.lproj/LaunchScreen.storyboard; sourceTree = "<group>"; };
		AD524632208896B800FA030B /* Info.plist */ = {isa = PBXFileReference; lastKnownFileType = text.plist.xml; path = Info.plist; sourceTree = "<group>"; };
		AD52463C20889BFF00FA030B /* ScanViewController.swift */ = {isa = PBXFileReference; lastKnownFileType = sourcecode.swift; path = ScanViewController.swift; sourceTree = "<group>"; };
		AD52463E20889E5400FA030B /* HRQRCodeScanTool.swift */ = {isa = PBXFileReference; fileEncoding = 4; lastKnownFileType = sourcecode.swift; path = HRQRCodeScanTool.swift; sourceTree = "<group>"; };
		AD7270FF2089C08400661E6B /* UIImage+QRCode.swift */ = {isa = PBXFileReference; lastKnownFileType = sourcecode.swift; path = "UIImage+QRCode.swift"; sourceTree = "<group>"; };
		AD7271012089C4F200661E6B /* String+QRCode.swift */ = {isa = PBXFileReference; lastKnownFileType = sourcecode.swift; path = "String+QRCode.swift"; sourceTree = "<group>"; };
/* End PBXFileReference section */

/* Begin PBXFrameworksBuildPhase section */
		AD524620208896B600FA030B /* Frameworks */ = {
			isa = PBXFrameworksBuildPhase;
			buildActionMask = 2147483647;
			files = (
			);
			runOnlyForDeploymentPostprocessing = 0;
		};
/* End PBXFrameworksBuildPhase section */

/* Begin PBXGroup section */
		AD52461A208896B600FA030B = {
			isa = PBXGroup;
			children = (
				AD524625208896B600FA030B /* HRScanToolDemo */,
				AD524624208896B600FA030B /* Products */,
			);
			sourceTree = "<group>";
		};
		AD524624208896B600FA030B /* Products */ = {
			isa = PBXGroup;
			children = (
				AD524623208896B600FA030B /* HRScanToolDemo.app */,
			);
			name = Products;
			sourceTree = "<group>";
		};
		AD524625208896B600FA030B /* HRScanToolDemo */ = {
			isa = PBXGroup;
			children = (
				AD7270FE2089BFE800661E6B /* Extension */,
				AD524638208897B900FA030B /* Tool */,
				AD524626208896B600FA030B /* AppDelegate.swift */,
				AD524628208896B600FA030B /* RootController.swift */,
				AD52463C20889BFF00FA030B /* ScanViewController.swift */,
				AD52462A208896B600FA030B /* Main.storyboard */,
				AD52462D208896B800FA030B /* Assets.xcassets */,
				AD52462F208896B800FA030B /* LaunchScreen.storyboard */,
				AD524632208896B800FA030B /* Info.plist */,
			);
			path = HRScanToolDemo;
			sourceTree = "<group>";
		};
		AD524638208897B900FA030B /* Tool */ = {
			isa = PBXGroup;
			children = (
				AD52463E20889E5400FA030B /* HRQRCodeScanTool.swift */,
			);
			path = Tool;
			sourceTree = "<group>";
		};
		AD7270FE2089BFE800661E6B /* Extension */ = {
			isa = PBXGroup;
			children = (
				AD7270FF2089C08400661E6B /* UIImage+QRCode.swift */,
				AD7271012089C4F200661E6B /* String+QRCode.swift */,
			);
			path = Extension;
			sourceTree = "<group>";
		};
/* End PBXGroup section */

/* Begin PBXNativeTarget section */
		AD524622208896B600FA030B /* HRScanToolDemo */ = {
			isa = PBXNativeTarget;
			buildConfigurationList = AD524635208896B800FA030B /* Build configuration list for PBXNativeTarget "HRScanToolDemo" */;
			buildPhases = (
				AD52461F208896B600FA030B /* Sources */,
				AD524620208896B600FA030B /* Frameworks */,
				AD524621208896B600FA030B /* Resources */,
			);
			buildRules = (
			);
			dependencies = (
			);
			name = HRScanToolDemo;
			productName = HRScanToolDemo;
			productReference = AD524623208896B600FA030B /* HRScanToolDemo.app */;
			productType = "com.apple.product-type.application";
		};
/* End PBXNativeTarget section */

/* Begin PBXProject section */
		AD52461B208896B600FA030B /* Project object */ = {
			isa = PBXProject;
			attributes = {
				LastSwiftUpdateCheck = 0930;
				LastUpgradeCheck = 0930;
				ORGANIZATIONNAME = haoran;
				TargetAttributes = {
					AD524622208896B600FA030B = {
						CreatedOnToolsVersion = 9.3;
						LastSwiftMigration = 1000;
					};
				};
			};
			buildConfigurationList = AD52461E208896B600FA030B /* Build configuration list for PBXProject "HRScanToolDemo" */;
			compatibilityVersion = "Xcode 9.3";
			developmentRegion = en;
			hasScannedForEncodings = 0;
			knownRegions = (
				en,
				Base,
			);
			mainGroup = AD52461A208896B600FA030B;
			productRefGroup = AD524624208896B600FA030B /* Products */;
			projectDirPath = "";
			projectRoot = "";
			targets = (
				AD524622208896B600FA030B /* HRScanToolDemo */,
			);
		};
/* End PBXProject section */

/* Begin PBXResourcesBuildPhase section */
		AD524621208896B600FA030B /* Resources */ = {
			isa = PBXResourcesBuildPhase;
			buildActionMask = 2147483647;
			files = (
				AD524631208896B800FA030B /* LaunchScreen.storyboard in Resources */,
				AD52462E208896B800FA030B /* Assets.xcassets in Resources */,
				AD52462C208896B600FA030B /* Main.storyboard in Resources */,
			);
			runOnlyForDeploymentPostprocessing = 0;
		};
/* End PBXResourcesBuildPhase section */

/* Begin PBXSourcesBuildPhase section */
		AD52461F208896B600FA030B /* Sources */ = {
			isa = PBXSourcesBuildPhase;
			buildActionMask = 2147483647;
			files = (
				AD7271022089C4F200661E6B /* String+QRCode.swift in Sources */,
				AD52463F20889E5400FA030B /* HRQRCodeScanTool.swift in Sources */,
				AD524629208896B600FA030B /* RootController.swift in Sources */,
				AD7271002089C08400661E6B /* UIImage+QRCode.swift in Sources */,
				AD524627208896B600FA030B /* AppDelegate.swift in Sources */,
				AD52463D20889BFF00FA030B /* ScanViewController.swift in Sources */,
			);
			runOnlyForDeploymentPostprocessing = 0;
		};
/* End PBXSourcesBuildPhase section */

/* Begin PBXVariantGroup section */
		AD52462A208896B600FA030B /* Main.storyboard */ = {
			isa = PBXVariantGroup;
			children = (
				AD52462B208896B600FA030B /* Base */,
			);
			name = Main.storyboard;
			sourceTree = "<group>";
		};
		AD52462F208896B800FA030B /* LaunchScreen.storyboard */ = {
			isa = PBXVariantGroup;
			children = (
				AD524630208896B800FA030B /* Base */,
			);
			name = LaunchScreen.storyboard;
			sourceTree = "<group>";
		};
/* End PBXVariantGroup section */

/* Begin XCBuildConfiguration section */
		AD524633208896B800FA030B /* Debug */ = {
			isa = XCBuildConfiguration;
			buildSettings = {
				ALWAYS_SEARCH_USER_PATHS = NO;
				CLANG_ANALYZER_NONNULL = YES;
				CLANG_ANALYZER_NUMBER_OBJECT_CONVERSION = YES_AGGRESSIVE;
				CLANG_CXX_LANGUAGE_STANDARD = "gnu++14";
				CLANG_CXX_LIBRARY = "libc++";
				CLANG_ENABLE_MODULES = YES;
				CLANG_ENABLE_OBJC_ARC = YES;
				CLANG_ENABLE_OBJC_WEAK = YES;
				CLANG_WARN_BLOCK_CAPTURE_AUTORELEASING = YES;
				CLANG_WARN_BOOL_CONVERSION = YES;
				CLANG_WARN_COMMA = YES;
				CLANG_WARN_CONSTANT_CONVERSION = YES;
				CLANG_WARN_DEPRECATED_OBJC_IMPLEMENTATIONS = YES;
				CLANG_WARN_DIRECT_OBJC_ISA_USAGE = YES_ERROR;
				CLANG_WARN_DOCUMENTATION_COMMENTS = YES;
				CLANG_WARN_EMPTY_BODY = YES;
				CLANG_WARN_ENUM_CONVERSION = YES;
				CLANG_WARN_INFINITE_RECURSION = YES;
				CLANG_WARN_INT_CONVERSION = YES;
				CLANG_WARN_NON_LITERAL_NULL_CONVERSION = YES;
				CLANG_WARN_OBJC_IMPLICIT_RETAIN_SELF = YES;
				CLANG_WARN_OBJC_LITERAL_CONVERSION = YES;
				CLANG_WARN_OBJC_ROOT_CLASS = YES_ERROR;
				CLANG_WARN_RANGE_LOOP_ANALYSIS = YES;
				CLANG_WARN_STRICT_PROTOTYPES = YES;
				CLANG_WARN_SUSPICIOUS_MOVE = YES;
				CLANG_WARN_UNGUARDED_AVAILABILITY = YES_AGGRESSIVE;
				CLANG_WARN_UNREACHABLE_CODE = YES;
				CLANG_WARN__DUPLICATE_METHOD_MATCH = YES;
				CODE_SIGN_IDENTITY = "iPhone Developer";
				COPY_PHASE_STRIP = NO;
				DEBUG_INFORMATION_FORMAT = dwarf;
				ENABLE_STRICT_OBJC_MSGSEND = YES;
				ENABLE_TESTABILITY = YES;
				GCC_C_LANGUAGE_STANDARD = gnu11;
				GCC_DYNAMIC_NO_PIC = NO;
				GCC_NO_COMMON_BLOCKS = YES;
				GCC_OPTIMIZATION_LEVEL = 0;
				GCC_PREPROCESSOR_DEFINITIONS = (
					"DEBUG=1",
					"$(inherited)",
				);
				GCC_WARN_64_TO_32_BIT_CONVERSION = YES;
				GCC_WARN_ABOUT_RETURN_TYPE = YES_ERROR;
				GCC_WARN_UNDECLARED_SELECTOR = YES;
				GCC_WARN_UNINITIALIZED_AUTOS = YES_AGGRESSIVE;
				GCC_WARN_UNUSED_FUNCTION = YES;
				GCC_WARN_UNUSED_VARIABLE = YES;
				IPHONEOS_DEPLOYMENT_TARGET = 8.0;
				MTL_ENABLE_DEBUG_INFO = YES;
				ONLY_ACTIVE_ARCH = YES;
				SDKROOT = iphoneos;
				SWIFT_ACTIVE_COMPILATION_CONDITIONS = DEBUG;
				SWIFT_OPTIMIZATION_LEVEL = "-Onone";
			};
			name = Debug;
		};
		AD524634208896B800FA030B /* Release */ = {
			isa = XCBuildConfiguration;
			buildSettings = {
				ALWAYS_SEARCH_USER_PATHS = NO;
				CLANG_ANALYZER_NONNULL = YES;
				CLANG_ANALYZER_NUMBER_OBJECT_CONVERSION = YES_AGGRESSIVE;
				CLANG_CXX_LANGUAGE_STANDARD = "gnu++14";
				CLANG_CXX_LIBRARY = "libc++";
				CLANG_ENABLE_MODULES = YES;
				CLANG_ENABLE_OBJC_ARC = YES;
				CLANG_ENABLE_OBJC_WEAK = YES;
				CLANG_WARN_BLOCK_CAPTURE_AUTORELEASING = YES;
				CLANG_WARN_BOOL_CONVERSION = YES;
				CLANG_WARN_COMMA = YES;
				CLANG_WARN_CONSTANT_CONVERSION = YES;
				CLANG_WARN_DEPRECATED_OBJC_IMPLEMENTATIONS = YES;
				CLANG_WARN_DIRECT_OBJC_ISA_USAGE = YES_ERROR;
				CLANG_WARN_DOCUMENTATION_COMMENTS = YES;
				CLANG_WARN_EMPTY_BODY = YES;
				CLANG_WARN_ENUM_CONVERSION = YES;
				CLANG_WARN_INFINITE_RECURSION = YES;
				CLANG_WARN_INT_CONVERSION = YES;
				CLANG_WARN_NON_LITERAL_NULL_CONVERSION = YES;
				CLANG_WARN_OBJC_IMPLICIT_RETAIN_SELF = YES;
				CLANG_WARN_OBJC_LITERAL_CONVERSION = YES;
				CLANG_WARN_OBJC_ROOT_CLASS = YES_ERROR;
				CLANG_WARN_RANGE_LOOP_ANALYSIS = YES;
				CLANG_WARN_STRICT_PROTOTYPES = YES;
				CLANG_WARN_SUSPICIOUS_MOVE = YES;
				CLANG_WARN_UNGUARDED_AVAILABILITY = YES_AGGRESSIVE;
				CLANG_WARN_UNREACHABLE_CODE = YES;
				CLANG_WARN__DUPLICATE_METHOD_MATCH = YES;
				CODE_SIGN_IDENTITY = "iPhone Developer";
				COPY_PHASE_STRIP = NO;
				DEBUG_INFORMATION_FORMAT = "dwarf-with-dsym";
				ENABLE_NS_ASSERTIONS = NO;
				ENABLE_STRICT_OBJC_MSGSEND = YES;
				GCC_C_LANGUAGE_STANDARD = gnu11;
				GCC_NO_COMMON_BLOCKS = YES;
				GCC_WARN_64_TO_32_BIT_CONVERSION = YES;
				GCC_WARN_ABOUT_RETURN_TYPE = YES_ERROR;
				GCC_WARN_UNDECLARED_SELECTOR = YES;
				GCC_WARN_UNINITIALIZED_AUTOS = YES_AGGRESSIVE;
				GCC_WARN_UNUSED_FUNCTION = YES;
				GCC_WARN_UNUSED_VARIABLE = YES;
				IPHONEOS_DEPLOYMENT_TARGET = 8.0;
				MTL_ENABLE_DEBUG_INFO = NO;
				SDKROOT = iphoneos;
				SWIFT_COMPILATION_MODE = wholemodule;
				SWIFT_OPTIMIZATION_LEVEL = "-O";
				VALIDATE_PRODUCT = YES;
			};
			name = Release;
		};
		AD524636208896B800FA030B /* Debug */ = {
			isa = XCBuildConfiguration;
			buildSettings = {
				ASSETCATALOG_COMPILER_APPICON_NAME = AppIcon;
				CODE_SIGN_IDENTITY = "iPhone Developer";
				CODE_SIGN_STYLE = Automatic;
				DEVELOPMENT_TEAM = "";
				INFOPLIST_FILE = HRScanToolDemo/Info.plist;
				LD_RUNPATH_SEARCH_PATHS = (
					"$(inherited)",
					"@executable_path/Frameworks",
				);
				PRODUCT_BUNDLE_IDENTIFIER = com.fclassroom.ttel;
				PRODUCT_NAME = "$(TARGET_NAME)";
				PROVISIONING_PROFILE = "73e24cf2-41a6-4b2e-87e1-25d7be728067";
				PROVISIONING_PROFILE_SPECIFIER = "";
				SWIFT_VERSION = 4.2;
				TARGETED_DEVICE_FAMILY = "1,2";
			};
			name = Debug;
		};
		AD524637208896B800FA030B /* Release */ = {
			isa = XCBuildConfiguration;
			buildSettings = {
				ASSETCATALOG_COMPILER_APPICON_NAME = AppIcon;
				CODE_SIGN_IDENTITY = "iPhone Developer";
				CODE_SIGN_STYLE = Automatic;
				DEVELOPMENT_TEAM = "";
				INFOPLIST_FILE = HRScanToolDemo/Info.plist;
				LD_RUNPATH_SEARCH_PATHS = (
					"$(inherited)",
					"@executable_path/Frameworks",
				);
				PRODUCT_BUNDLE_IDENTIFIER = com.fclassroom.ttel;
				PRODUCT_NAME = "$(TARGET_NAME)";
				PROVISIONING_PROFILE = "6d63b8ee-1668-4266-b389-e0623aaa6d88";
				PROVISIONING_PROFILE_SPECIFIER = "";
				SWIFT_VERSION = 4.2;
				TARGETED_DEVICE_FAMILY = "1,2";
			};
			name = Release;
		};
/* End XCBuildConfiguration section */

/* Begin XCConfigurationList section */
		AD52461E208896B600FA030B /* Build configuration list for PBXProject "HRScanToolDemo" */ = {
			isa = XCConfigurationList;
			buildConfigurations = (
				AD524633208896B800FA030B /* Debug */,
				AD524634208896B800FA030B /* Release */,
			);
			defaultConfigurationIsVisible = 0;
			defaultConfigurationName = Release;
		};
		AD524635208896B800FA030B /* Build configuration list for PBXNativeTarget "HRScanToolDemo" */ = {
			isa = XCConfigurationList;
			buildConfigurations = (
				AD524636208896B800FA030B /* Debug */,
				AD524637208896B800FA030B /* Release */,
			);
			defaultConfigurationIsVisible = 0;
			defaultConfigurationName = Release;
		};
/* End XCConfigurationList section */
	};
	rootObject = AD52461B208896B600FA030B /* Project object */;
}
